
Microsoft Visual Studio Solution File, Format Version 12.00
# Visual Studio Version 16
VisualStudioVersion = 16.0.31005.135
MinimumVisualStudioVersion = 10.0.40219.1
Project("{9A19103F-16F7-4668-BE54-9A1E7A4F7556}") = "Lib2", "Lib2\Lib2.csproj", "{E656ABB4-E0EE-402A-83FE-4DC3CB11C738}"
EndProject
Project("{9A19103F-16F7-4668-BE54-9A1E7A4F7556}") = "LibraryData", "LibraryData\LibraryData.csproj", "{BC3EE20A-D1B4-47A0-8A52-DEAD70EC6EDA}"
EndProject
Project("{9A19103F-16F7-4668-BE54-9A1E7A4F7556}") = "LibraryServices", "LibraryServices\LibraryServices.csproj", "{8CA81528-D51D-4511-BAF6-414B93D86DB2}"
EndProject
Project("{2150E333-8FDC-42A3-9474-1A3956D46DE8}") = "Solution Items", "Solution Items", "{8F84E20F-E83C-4EA0-A723-8F9D7B199BCE}"
	ProjectSection(SolutionItems) = preProject
		.editorconfig = .editorconfig
	EndProjectSection
EndProject
Global
	GlobalSection(SolutionConfigurationPlatforms) = preSolution
		Debug|Any CPU = Debug|Any CPU
		Release|Any CPU = Release|Any CPU
	EndGlobalSection
	GlobalSection(ProjectConfigurationPlatforms) = postSolution
		{E656ABB4-E0EE-402A-83FE-4DC3CB11C738}.Debug|Any CPU.ActiveCfg = Debug|Any CPU
		{E656ABB4-E0EE-402A-83FE-4DC3CB11C738}.Debug|Any CPU.Build.0 = Debug|Any CPU
		{E656ABB4-E0EE-402A-83FE-4DC3CB11C738}.Release|Any CPU.ActiveCfg = Release|Any CPU
		{E656ABB4-E0EE-402A-83FE-4DC3CB11C738}.Release|Any CPU.Build.0 = Release|Any CPU
		{BC3EE20A-D1B4-47A0-8A52-DEAD70EC6EDA}.Debug|Any CPU.ActiveCfg = Debug|Any CPU
		{BC3EE20A-D1B4-47A0-8A52-DEAD70EC6EDA}.Debug|Any CPU.Build.0 = Debug|Any CPU
		{BC3EE20A-D1B4-47A0-8A52-DEAD70EC6EDA}.Release|Any CPU.ActiveCfg = Release|Any CPU
		{BC3EE20A-D1B4-47A0-8A52-DEAD70EC6EDA}.Release|Any CPU.Build.0 = Release|Any CPU
		{8CA81528-D51D-4511-BAF6-414B93D86DB2}.Debug|Any CPU.ActiveCfg = Debug|Any CPU
		{8CA81528-D51D-4511-BAF6-414B93D86DB2}.Debug|Any CPU.Build.0 = Debug|Any CPU
		{8CA81528-D51D-4511-BAF6-414B93D86DB2}.Release|Any CPU.ActiveCfg = Release|Any CPU
		{8CA81528-D51D-4511-BAF6-414B93D86DB2}.Release|Any CPU.Build.0 = Release|Any CPU
	EndGlobalSection
	GlobalSection(SolutionProperties) = preSolution
		HideSolutionNode = FALSE
	EndGlobalSection
	GlobalSection(ExtensibilityGlobals) = postSolution
		SolutionGuid = {B2602497-8169-4F50-B64C-41D271E22E6C}
	EndGlobalSection
EndGlobal
